
Microsoft Visual Studio Solution File, Format Version 12.00
# Visual Studio 14
VisualStudioVersion = 14.0.25420.1
MinimumVisualStudioVersion = 10.0.40219.1
Project("{FAE04EC0-301F-11D3-BF4B-00C04F79EFBC}") = "test", "test\test.csproj", "{787C53C5-3454-4A78-BDF6-F57CE9484525}"
EndProject
Project("{FAE04EC0-301F-11D3-BF4B-00C04F79EFBC}") = "Singleton", "Singleton\Singleton.csproj", "{A7AC3274-24F5-4F3E-ADF1-0AED00B5B582}"
EndProject
Project("{FAE04EC0-301F-11D3-BF4B-00C04F79EFBC}") = "FactoryMethod", "FactoryMethod\FactoryMethod.csproj", "{6D55844E-1AAC-400A-8B61-191991994B6D}"
EndProject
Project("{FAE04EC0-301F-11D3-BF4B-00C04F79EFBC}") = "AbstractFactory", "AbstractFactory\AbstractFactory.csproj", "{A63D9E04-0699-4E7E-99AD-178D223667E0}"
EndProject
Global
	GlobalSection(SolutionConfigurationPlatforms) = preSolution
		Debug|Any CPU = Debug|Any CPU
		Release|Any CPU = Release|Any CPU
	EndGlobalSection
	GlobalSection(ProjectConfigurationPlatforms) = postSolution
		{787C53C5-3454-4A78-BDF6-F57CE9484525}.Debug|Any CPU.ActiveCfg = Debug|Any CPU
		{787C53C5-3454-4A78-BDF6-F57CE9484525}.Debug|Any CPU.Build.0 = Debug|Any CPU
		{787C53C5-3454-4A78-BDF6-F57CE9484525}.Release|Any CPU.ActiveCfg = Release|Any CPU
		{787C53C5-3454-4A78-BDF6-F57CE9484525}.Release|Any CPU.Build.0 = Release|Any CPU
		{A7AC3274-24F5-4F3E-ADF1-0AED00B5B582}.Debug|Any CPU.ActiveCfg = Debug|Any CPU
		{A7AC3274-24F5-4F3E-ADF1-0AED00B5B582}.Debug|Any CPU.Build.0 = Debug|Any CPU
		{A7AC3274-24F5-4F3E-ADF1-0AED00B5B582}.Release|Any CPU.ActiveCfg = Release|Any CPU
		{A7AC3274-24F5-4F3E-ADF1-0AED00B5B582}.Release|Any CPU.Build.0 = Release|Any CPU
		{6D55844E-1AAC-400A-8B61-191991994B6D}.Debug|Any CPU.ActiveCfg = Debug|Any CPU
		{6D55844E-1AAC-400A-8B61-191991994B6D}.Debug|Any CPU.Build.0 = Debug|Any CPU
		{6D55844E-1AAC-400A-8B61-191991994B6D}.Release|Any CPU.ActiveCfg = Release|Any CPU
		{6D55844E-1AAC-400A-8B61-191991994B6D}.Release|Any CPU.Build.0 = Release|Any CPU
		{A63D9E04-0699-4E7E-99AD-178D223667E0}.Debug|Any CPU.ActiveCfg = Debug|Any CPU
		{A63D9E04-0699-4E7E-99AD-178D223667E0}.Debug|Any CPU.Build.0 = Debug|Any CPU
		{A63D9E04-0699-4E7E-99AD-178D223667E0}.Release|Any CPU.ActiveCfg = Release|Any CPU
		{A63D9E04-0699-4E7E-99AD-178D223667E0}.Release|Any CPU.Build.0 = Release|Any CPU
	EndGlobalSection
	GlobalSection(SolutionProperties) = preSolution
		HideSolutionNode = FALSE
	EndGlobalSection
EndGlobal
